
Microsoft Visual Studio Solution File, Format Version 12.00
# Visual Studio Version 17
VisualStudioVersion = 17.11.35312.102
MinimumVisualStudioVersion = 10.0.40219.1
Project("{FAE04EC0-301F-11D3-BF4B-00C04F79EFBC}") = "Proyecto_dieciocho", "Proyecto_dieciocho\Proyecto_dieciocho.csproj", "{95639328-A1B3-4250-8344-EF4B47EC928D}"
EndProject
Global
	GlobalSection(SolutionConfigurationPlatforms) = preSolution
		Debug|Any CPU = Debug|Any CPU
		Release|Any CPU = Release|Any CPU
	EndGlobalSection
	GlobalSection(ProjectConfigurationPlatforms) = postSolution
		{95639328-A1B3-4250-8344-EF4B47EC928D}.Debug|Any CPU.ActiveCfg = Debug|Any CPU
		{95639328-A1B3-4250-8344-EF4B47EC928D}.Debug|Any CPU.Build.0 = Debug|Any CPU
		{95639328-A1B3-4250-8344-EF4B47EC928D}.Release|Any CPU.ActiveCfg = Release|Any CPU
		{95639328-A1B3-4250-8344-EF4B47EC928D}.Release|Any CPU.Build.0 = Release|Any CPU
	EndGlobalSection
	GlobalSection(SolutionProperties) = preSolution
		HideSolutionNode = FALSE
	EndGlobalSection
	GlobalSection(ExtensibilityGlobals) = postSolution
		SolutionGuid = {BDEE003A-3609-4B19-8A74-D583BF62C4C5}
	EndGlobalSection
EndGlobal
