
Microsoft Visual Studio Solution File, Format Version 12.00
# Visual Studio Version 17
VisualStudioVersion = 17.11.35312.102
MinimumVisualStudioVersion = 10.0.40219.1
Project("{FAE04EC0-301F-11D3-BF4B-00C04F79EFBC}") = "Proyecto_Siete", "Proyecto_Siete\Proyecto_Siete.csproj", "{020102EE-2BD3-4B75-8189-F7FF94CB2FDE}"
EndProject
Global
	GlobalSection(SolutionConfigurationPlatforms) = preSolution
		Debug|Any CPU = Debug|Any CPU
		Release|Any CPU = Release|Any CPU
	EndGlobalSection
	GlobalSection(ProjectConfigurationPlatforms) = postSolution
		{020102EE-2BD3-4B75-8189-F7FF94CB2FDE}.Debug|Any CPU.ActiveCfg = Debug|Any CPU
		{020102EE-2BD3-4B75-8189-F7FF94CB2FDE}.Debug|Any CPU.Build.0 = Debug|Any CPU
		{020102EE-2BD3-4B75-8189-F7FF94CB2FDE}.Release|Any CPU.ActiveCfg = Release|Any CPU
		{020102EE-2BD3-4B75-8189-F7FF94CB2FDE}.Release|Any CPU.Build.0 = Release|Any CPU
	EndGlobalSection
	GlobalSection(SolutionProperties) = preSolution
		HideSolutionNode = FALSE
	EndGlobalSection
	GlobalSection(ExtensibilityGlobals) = postSolution
		SolutionGuid = {502E153A-BEA8-432D-BF68-A71CE5076469}
	EndGlobalSection
EndGlobal
